// !$*UTF8*$!
{
	archiveVersion = 1;
	classes = {
	};
	objectVersion = 50;
	objects = {

/* Begin PBXBuildFile section */
		1302265E21540AA600820CC0 /* registerationResponse.swift in Sources */ = {isa = PBXBuildFile; fileRef = 1302265D21540AA600820CC0 /* registerationResponse.swift */; };
		130226602154334400820CC0 /* ForgetResponse.swift in Sources */ = {isa = PBXBuildFile; fileRef = 1302265F2154334400820CC0 /* ForgetResponse.swift */; };
		1333904621524BD10040F4AB /* RegiesterationController.swift in Sources */ = {isa = PBXBuildFile; fileRef = 1333904521524BD10040F4AB /* RegiesterationController.swift */; };
		1339942121597ABA005EFF6C /* MoreOfACategoryController.swift in Sources */ = {isa = PBXBuildFile; fileRef = 1339941F21597AB9005EFF6C /* MoreOfACategoryController.swift */; };
		133CBA9921534C560072626C /* ForgotPasswordControllerr.swift in Sources */ = {isa = PBXBuildFile; fileRef = 133CBA9821534C560072626C /* ForgotPasswordControllerr.swift */; };
		13967BB52156650700ED6E95 /* ASJColoredScrollIndicators.m in Sources */ = {isa = PBXBuildFile; fileRef = 13967BB42156650700ED6E95 /* ASJColoredScrollIndicators.m */; };
		13967BB921568E8E00ED6E95 /* LoginView.swift in Sources */ = {isa = PBXBuildFile; fileRef = 13967BB821568E8E00ED6E95 /* LoginView.swift */; };
		13967BBB2156D27B00ED6E95 /* BookCell.xib in Resources */ = {isa = PBXBuildFile; fileRef = 13967BBA2156D27B00ED6E95 /* BookCell.xib */; };
		13967BBD2156D39700ED6E95 /* BookCell.swift in Sources */ = {isa = PBXBuildFile; fileRef = 13967BBC2156D39700ED6E95 /* BookCell.swift */; };
		13DF22D721554642007E0844 /* HomeController.swift in Sources */ = {isa = PBXBuildFile; fileRef = 13DF22D621554642007E0844 /* HomeController.swift */; };
		13EE50132151B24D00FEB80C /* LoginResponse.swift in Sources */ = {isa = PBXBuildFile; fileRef = 13EE50122151B24D00FEB80C /* LoginResponse.swift */; };
		13EE5824215188D90065594C /* Kotob Button.swift in Sources */ = {isa = PBXBuildFile; fileRef = 13EE5823215188D90065594C /* Kotob Button.swift */; };
		13F239F82152BC80006761C1 /* DroidNaskh-Bold.ttf in Resources */ = {isa = PBXBuildFile; fileRef = 13F239F62152BC80006761C1 /* DroidNaskh-Bold.ttf */; };
		13F239F92152BC80006761C1 /* DroidNaskh-Regular.ttf in Resources */ = {isa = PBXBuildFile; fileRef = 13F239F72152BC80006761C1 /* DroidNaskh-Regular.ttf */; };
		13F2F28021561AD50029FBD3 /* TableViewHeader.swift in Sources */ = {isa = PBXBuildFile; fileRef = 13F2F27F21561AD50029FBD3 /* TableViewHeader.swift */; };
		13F312382155F76D00EA22F7 /* CategoryTableViewCell.swift in Sources */ = {isa = PBXBuildFile; fileRef = 13F312372155F76D00EA22F7 /* CategoryTableViewCell.swift */; };
		13F3123A2155F96900EA22F7 /* CategoryTableViewCell.xib in Resources */ = {isa = PBXBuildFile; fileRef = 13F312392155F96900EA22F7 /* CategoryTableViewCell.xib */; };
		13F45CC22151568100DF15B7 /* AppDelegate.swift in Sources */ = {isa = PBXBuildFile; fileRef = 13F45CC12151568100DF15B7 /* AppDelegate.swift */; };
		13F45CC92151568500DF15B7 /* Assets.xcassets in Resources */ = {isa = PBXBuildFile; fileRef = 13F45CC82151568500DF15B7 /* Assets.xcassets */; };
		13F45CCC2151568500DF15B7 /* LaunchScreen.storyboard in Resources */ = {isa = PBXBuildFile; fileRef = 13F45CCA2151568500DF15B7 /* LaunchScreen.storyboard */; };
		13F45CF02151575700DF15B7 /* LoginController.swift in Sources */ = {isa = PBXBuildFile; fileRef = 13F45CEF2151575700DF15B7 /* LoginController.swift */; };
		13F45CF22151593A00DF15B7 /* Extensions.swift in Sources */ = {isa = PBXBuildFile; fileRef = 13F45CF12151593A00DF15B7 /* Extensions.swift */; };
		13F4B2352157430E001018B5 /* BooksCategory.swift in Sources */ = {isa = PBXBuildFile; fileRef = 13F4B2342157430E001018B5 /* BooksCategory.swift */; };
		13F7BE762152F1DB00A09BB4 /* HindawiAPI.swift in Sources */ = {isa = PBXBuildFile; fileRef = 13F7BE752152F1DB00A09BB4 /* HindawiAPI.swift */; };
		13F8ECC52154E295001EC0DD /* MainTabBarController.swift in Sources */ = {isa = PBXBuildFile; fileRef = 13F8ECC42154E295001EC0DD /* MainTabBarController.swift */; };
		13F8ECCA2154ED63001EC0DD /* MostRecentCell.xib in Resources */ = {isa = PBXBuildFile; fileRef = 13F8ECC92154ED63001EC0DD /* MostRecentCell.xib */; };
		13F8ECCC2154F002001EC0DD /* MostRecentCell.swift in Sources */ = {isa = PBXBuildFile; fileRef = 13F8ECCB2154F002001EC0DD /* MostRecentCell.swift */; };
		9496F73ED7AE71905F4180EF /* Pods_Kotob.framework in Frameworks */ = {isa = PBXBuildFile; fileRef = FC2E808825622CE656C8CC82 /* Pods_Kotob.framework */; };
		A58EA9CA891418A3BE8B2E8C /* Pods_KotobUITests.framework in Frameworks */ = {isa = PBXBuildFile; fileRef = D0BC2A5F90FC9D6DBC8F621B /* Pods_KotobUITests.framework */; };
		DF505B382F9E06B0EA801E94 /* Pods_KotobTests.framework in Frameworks */ = {isa = PBXBuildFile; fileRef = C4022CBFE967A41CE20D27B1 /* Pods_KotobTests.framework */; };
/* End PBXBuildFile section */

/* Begin PBXContainerItemProxy section */
		13F45CD32151568500DF15B7 /* PBXContainerItemProxy */ = {
			isa = PBXContainerItemProxy;
			containerPortal = 13F45CB62151568100DF15B7 /* Project object */;
			proxyType = 1;
			remoteGlobalIDString = 13F45CBD2151568100DF15B7;
			remoteInfo = Kotob;
		};
		13F45CDE2151568500DF15B7 /* PBXContainerItemProxy */ = {
			isa = PBXContainerItemProxy;
			containerPortal = 13F45CB62151568100DF15B7 /* Project object */;
			proxyType = 1;
			remoteGlobalIDString = 13F45CBD2151568100DF15B7;
			remoteInfo = Kotob;
		};
/* End PBXContainerItemProxy section */

/* Begin PBXFileReference section */
		1302265D21540AA600820CC0 /* registerationResponse.swift */ = {isa = PBXFileReference; lastKnownFileType = sourcecode.swift; path = registerationResponse.swift; sourceTree = "<group>"; };
		1302265F2154334400820CC0 /* ForgetResponse.swift */ = {isa = PBXFileReference; lastKnownFileType = sourcecode.swift; path = ForgetResponse.swift; sourceTree = "<group>"; };
		1333904521524BD10040F4AB /* RegiesterationController.swift */ = {isa = PBXFileReference; lastKnownFileType = sourcecode.swift; path = RegiesterationController.swift; sourceTree = "<group>"; };
		1339941F21597AB9005EFF6C /* MoreOfACategoryController.swift */ = {isa = PBXFileReference; lastKnownFileType = sourcecode.swift; name = MoreOfACategoryController.swift; path = /Users/mokhtar/Desktop/Kotob/Kotob/Controller/MoreOfACategoryController.swift; sourceTree = "<absolute>"; };
		133CBA9821534C560072626C /* ForgotPasswordControllerr.swift */ = {isa = PBXFileReference; lastKnownFileType = sourcecode.swift; path = ForgotPasswordControllerr.swift; sourceTree = "<group>"; };
		13967BB22156650600ED6E95 /* Kotob-Bridging-Header.h */ = {isa = PBXFileReference; lastKnownFileType = sourcecode.c.h; path = "Kotob-Bridging-Header.h"; sourceTree = "<group>"; };
		13967BB32156650700ED6E95 /* ASJColoredScrollIndicators.h */ = {isa = PBXFileReference; fileEncoding = 4; lastKnownFileType = sourcecode.c.h; name = ASJColoredScrollIndicators.h; path = Pods/ASJColoredScrollIndicators/ASJColoredScrollIndicators/ASJColoredScrollIndicators.h; sourceTree = SOURCE_ROOT; };
		13967BB42156650700ED6E95 /* ASJColoredScrollIndicators.m */ = {isa = PBXFileReference; fileEncoding = 4; lastKnownFileType = sourcecode.c.objc; name = ASJColoredScrollIndicators.m; path = Pods/ASJColoredScrollIndicators/ASJColoredScrollIndicators/ASJColoredScrollIndicators.m; sourceTree = SOURCE_ROOT; };
		13967BB821568E8E00ED6E95 /* LoginView.swift */ = {isa = PBXFileReference; lastKnownFileType = sourcecode.swift; path = LoginView.swift; sourceTree = "<group>"; };
		13967BBA2156D27B00ED6E95 /* BookCell.xib */ = {isa = PBXFileReference; lastKnownFileType = file.xib; path = BookCell.xib; sourceTree = "<group>"; };
		13967BBC2156D39700ED6E95 /* BookCell.swift */ = {isa = PBXFileReference; lastKnownFileType = sourcecode.swift; path = BookCell.swift; sourceTree = "<group>"; };
		13DF22D621554642007E0844 /* HomeController.swift */ = {isa = PBXFileReference; lastKnownFileType = sourcecode.swift; path = HomeController.swift; sourceTree = "<group>"; };
		13EE50122151B24D00FEB80C /* LoginResponse.swift */ = {isa = PBXFileReference; lastKnownFileType = sourcecode.swift; path = LoginResponse.swift; sourceTree = "<group>"; };
		13EE5823215188D90065594C /* Kotob Button.swift */ = {isa = PBXFileReference; lastKnownFileType = sourcecode.swift; path = "Kotob Button.swift"; sourceTree = "<group>"; };
		13F239F62152BC80006761C1 /* DroidNaskh-Bold.ttf */ = {isa = PBXFileReference; lastKnownFileType = file; path = "DroidNaskh-Bold.ttf"; sourceTree = "<group>"; };
		13F239F72152BC80006761C1 /* DroidNaskh-Regular.ttf */ = {isa = PBXFileReference; lastKnownFileType = file; path = "DroidNaskh-Regular.ttf"; sourceTree = "<group>"; };
		13F2F27F21561AD50029FBD3 /* TableViewHeader.swift */ = {isa = PBXFileReference; lastKnownFileType = sourcecode.swift; path = TableViewHeader.swift; sourceTree = "<group>"; };
		13F312372155F76D00EA22F7 /* CategoryTableViewCell.swift */ = {isa = PBXFileReference; lastKnownFileType = sourcecode.swift; path = CategoryTableViewCell.swift; sourceTree = "<group>"; };
		13F312392155F96900EA22F7 /* CategoryTableViewCell.xib */ = {isa = PBXFileReference; lastKnownFileType = file.xib; path = CategoryTableViewCell.xib; sourceTree = "<group>"; };
		13F45CBE2151568100DF15B7 /* Kotob.app */ = {isa = PBXFileReference; explicitFileType = wrapper.application; includeInIndex = 0; path = Kotob.app; sourceTree = BUILT_PRODUCTS_DIR; };
		13F45CC12151568100DF15B7 /* AppDelegate.swift */ = {isa = PBXFileReference; lastKnownFileType = sourcecode.swift; path = AppDelegate.swift; sourceTree = "<group>"; };
		13F45CC82151568500DF15B7 /* Assets.xcassets */ = {isa = PBXFileReference; lastKnownFileType = folder.assetcatalog; path = Assets.xcassets; sourceTree = "<group>"; };
		13F45CCB2151568500DF15B7 /* Base */ = {isa = PBXFileReference; lastKnownFileType = file.storyboard; name = Base; path = Base.lproj/LaunchScreen.storyboard; sourceTree = "<group>"; };
		13F45CCD2151568500DF15B7 /* Info.plist */ = {isa = PBXFileReference; lastKnownFileType = text.plist.xml; path = Info.plist; sourceTree = "<group>"; };
		13F45CD22151568500DF15B7 /* KotobTests.xctest */ = {isa = PBXFileReference; explicitFileType = wrapper.cfbundle; includeInIndex = 0; path = KotobTests.xctest; sourceTree = BUILT_PRODUCTS_DIR; };
		13F45CDD2151568500DF15B7 /* KotobUITests.xctest */ = {isa = PBXFileReference; explicitFileType = wrapper.cfbundle; includeInIndex = 0; path = KotobUITests.xctest; sourceTree = BUILT_PRODUCTS_DIR; };
		13F45CEF2151575700DF15B7 /* LoginController.swift */ = {isa = PBXFileReference; lastKnownFileType = sourcecode.swift; path = LoginController.swift; sourceTree = "<group>"; };
		13F45CF12151593A00DF15B7 /* Extensions.swift */ = {isa = PBXFileReference; fileEncoding = 4; lastKnownFileType = sourcecode.swift; path = Extensions.swift; sourceTree = "<group>"; };
		13F4B2342157430E001018B5 /* BooksCategory.swift */ = {isa = PBXFileReference; lastKnownFileType = sourcecode.swift; path = BooksCategory.swift; sourceTree = "<group>"; };
		13F7BE752152F1DB00A09BB4 /* HindawiAPI.swift */ = {isa = PBXFileReference; lastKnownFileType = sourcecode.swift; path = HindawiAPI.swift; sourceTree = "<group>"; };
		13F8ECC42154E295001EC0DD /* MainTabBarController.swift */ = {isa = PBXFileReference; lastKnownFileType = sourcecode.swift; path = MainTabBarController.swift; sourceTree = "<group>"; };
		13F8ECC92154ED63001EC0DD /* MostRecentCell.xib */ = {isa = PBXFileReference; lastKnownFileType = file.xib; path = MostRecentCell.xib; sourceTree = "<group>"; };
		13F8ECCB2154F002001EC0DD /* MostRecentCell.swift */ = {isa = PBXFileReference; lastKnownFileType = sourcecode.swift; path = MostRecentCell.swift; sourceTree = "<group>"; };
		2910FEC8DEBE4B1C834EFEE3 /* Pods-Kotob.release.xcconfig */ = {isa = PBXFileReference; includeInIndex = 1; lastKnownFileType = text.xcconfig; name = "Pods-Kotob.release.xcconfig"; path = "Pods/Target Support Files/Pods-Kotob/Pods-Kotob.release.xcconfig"; sourceTree = "<group>"; };
		3B3A135A027836D1A5CBE295 /* Pods-KotobUITests.debug.xcconfig */ = {isa = PBXFileReference; includeInIndex = 1; lastKnownFileType = text.xcconfig; name = "Pods-KotobUITests.debug.xcconfig"; path = "Pods/Target Support Files/Pods-KotobUITests/Pods-KotobUITests.debug.xcconfig"; sourceTree = "<group>"; };
		5AD21F1C272578AB18F30BD2 /* Pods-KotobTests.release.xcconfig */ = {isa = PBXFileReference; includeInIndex = 1; lastKnownFileType = text.xcconfig; name = "Pods-KotobTests.release.xcconfig"; path = "Pods/Target Support Files/Pods-KotobTests/Pods-KotobTests.release.xcconfig"; sourceTree = "<group>"; };
		8CB4B3C027BD21383E2DA5DE /* Pods-KotobTests.debug.xcconfig */ = {isa = PBXFileReference; includeInIndex = 1; lastKnownFileType = text.xcconfig; name = "Pods-KotobTests.debug.xcconfig"; path = "Pods/Target Support Files/Pods-KotobTests/Pods-KotobTests.debug.xcconfig"; sourceTree = "<group>"; };
		C4022CBFE967A41CE20D27B1 /* Pods_KotobTests.framework */ = {isa = PBXFileReference; explicitFileType = wrapper.framework; includeInIndex = 0; path = Pods_KotobTests.framework; sourceTree = BUILT_PRODUCTS_DIR; };
		CF3539E1E95DAD052CF694FE /* Pods-Kotob.debug.xcconfig */ = {isa = PBXFileReference; includeInIndex = 1; lastKnownFileType = text.xcconfig; name = "Pods-Kotob.debug.xcconfig"; path = "Pods/Target Support Files/Pods-Kotob/Pods-Kotob.debug.xcconfig"; sourceTree = "<group>"; };
		D0BC2A5F90FC9D6DBC8F621B /* Pods_KotobUITests.framework */ = {isa = PBXFileReference; explicitFileType = wrapper.framework; includeInIndex = 0; path = Pods_KotobUITests.framework; sourceTree = BUILT_PRODUCTS_DIR; };
		D28E52B594A6608F391CB2EF /* Pods-KotobUITests.release.xcconfig */ = {isa = PBXFileReference; includeInIndex = 1; lastKnownFileType = text.xcconfig; name = "Pods-KotobUITests.release.xcconfig"; path = "Pods/Target Support Files/Pods-KotobUITests/Pods-KotobUITests.release.xcconfig"; sourceTree = "<group>"; };
		FC2E808825622CE656C8CC82 /* Pods_Kotob.framework */ = {isa = PBXFileReference; explicitFileType = wrapper.framework; includeInIndex = 0; path = Pods_Kotob.framework; sourceTree = BUILT_PRODUCTS_DIR; };
/* End PBXFileReference section */

/* Begin PBXFrameworksBuildPhase section */
		13F45CBB2151568100DF15B7 /* Frameworks */ = {
			isa = PBXFrameworksBuildPhase;
			buildActionMask = 2147483647;
			files = (
				9496F73ED7AE71905F4180EF /* Pods_Kotob.framework in Frameworks */,
			);
			runOnlyForDeploymentPostprocessing = 0;
		};
		13F45CCF2151568500DF15B7 /* Frameworks */ = {
			isa = PBXFrameworksBuildPhase;
			buildActionMask = 2147483647;
			files = (
				DF505B382F9E06B0EA801E94 /* Pods_KotobTests.framework in Frameworks */,
			);
			runOnlyForDeploymentPostprocessing = 0;
		};
		13F45CDA2151568500DF15B7 /* Frameworks */ = {
			isa = PBXFrameworksBuildPhase;
			buildActionMask = 2147483647;
			files = (
				A58EA9CA891418A3BE8B2E8C /* Pods_KotobUITests.framework in Frameworks */,
			);
			runOnlyForDeploymentPostprocessing = 0;
		};
/* End PBXFrameworksBuildPhase section */

/* Begin PBXGroup section */
		1302265B21540A0400820CC0 /* Controller */ = {
			isa = PBXGroup;
			children = (
				1339941F21597AB9005EFF6C /* MoreOfACategoryController.swift */,
				13F45CEF2151575700DF15B7 /* LoginController.swift */,
				13F8ECC42154E295001EC0DD /* MainTabBarController.swift */,
				13DF22D621554642007E0844 /* HomeController.swift */,
				133CBA9821534C560072626C /* ForgotPasswordControllerr.swift */,
				1333904521524BD10040F4AB /* RegiesterationController.swift */,
			);
			path = Controller;
			sourceTree = "<group>";
		};
		1302265C21540A6400820CC0 /* Model */ = {
			isa = PBXGroup;
			children = (
				13EE50122151B24D00FEB80C /* LoginResponse.swift */,
				1302265D21540AA600820CC0 /* registerationResponse.swift */,
				1302265F2154334400820CC0 /* ForgetResponse.swift */,
				13F4B2342157430E001018B5 /* BooksCategory.swift */,
				13967BB821568E8E00ED6E95 /* LoginView.swift */,
			);
			path = Model;
			sourceTree = "<group>";
		};
		13F239F52152BC36006761C1 /* Font */ = {
			isa = PBXGroup;
			children = (
				13F239F62152BC80006761C1 /* DroidNaskh-Bold.ttf */,
				13F239F72152BC80006761C1 /* DroidNaskh-Regular.ttf */,
			);
			path = Font;
			sourceTree = "<group>";
		};
		13F45CB52151568100DF15B7 = {
			isa = PBXGroup;
			children = (
				13F45CC02151568100DF15B7 /* Kotob */,
				13F45CBF2151568100DF15B7 /* Products */,
				2B15DF84155B78492DB1CCD6 /* Pods */,
				2F8F8F687CA373987008FCDB /* Frameworks */,
			);
			sourceTree = "<group>";
		};
		13F45CBF2151568100DF15B7 /* Products */ = {
			isa = PBXGroup;
			children = (
				13F45CBE2151568100DF15B7 /* Kotob.app */,
				13F45CD22151568500DF15B7 /* KotobTests.xctest */,
				13F45CDD2151568500DF15B7 /* KotobUITests.xctest */,
			);
			name = Products;
			sourceTree = "<group>";
		};
		13F45CC02151568100DF15B7 /* Kotob */ = {
			isa = PBXGroup;
			children = (
				13F8ECC82154ED40001EC0DD /* Views */,
				1302265C21540A6400820CC0 /* Model */,
				1302265B21540A0400820CC0 /* Controller */,
				13F239F52152BC36006761C1 /* Font */,
				13F45CC12151568100DF15B7 /* AppDelegate.swift */,
				13F45CC82151568500DF15B7 /* Assets.xcassets */,
				13F45CCA2151568500DF15B7 /* LaunchScreen.storyboard */,
				13F45CCD2151568500DF15B7 /* Info.plist */,
				13F7BE752152F1DB00A09BB4 /* HindawiAPI.swift */,
				13EE5823215188D90065594C /* Kotob Button.swift */,
				13F45CF12151593A00DF15B7 /* Extensions.swift */,
				13967BB32156650700ED6E95 /* ASJColoredScrollIndicators.h */,
				13967BB42156650700ED6E95 /* ASJColoredScrollIndicators.m */,
				13967BB22156650600ED6E95 /* Kotob-Bridging-Header.h */,
			);
			path = Kotob;
			sourceTree = "<group>";
		};
		13F8ECC82154ED40001EC0DD /* Views */ = {
			isa = PBXGroup;
			children = (
				13F8ECC92154ED63001EC0DD /* MostRecentCell.xib */,
				13967BBA2156D27B00ED6E95 /* BookCell.xib */,
				13967BBC2156D39700ED6E95 /* BookCell.swift */,
				13F2F27F21561AD50029FBD3 /* TableViewHeader.swift */,
				13F8ECCB2154F002001EC0DD /* MostRecentCell.swift */,
				13F312372155F76D00EA22F7 /* CategoryTableViewCell.swift */,
				13F312392155F96900EA22F7 /* CategoryTableViewCell.xib */,
			);
			path = Views;
			sourceTree = "<group>";
		};
		2B15DF84155B78492DB1CCD6 /* Pods */ = {
			isa = PBXGroup;
			children = (
				CF3539E1E95DAD052CF694FE /* Pods-Kotob.debug.xcconfig */,
				2910FEC8DEBE4B1C834EFEE3 /* Pods-Kotob.release.xcconfig */,
				8CB4B3C027BD21383E2DA5DE /* Pods-KotobTests.debug.xcconfig */,
				5AD21F1C272578AB18F30BD2 /* Pods-KotobTests.release.xcconfig */,
				3B3A135A027836D1A5CBE295 /* Pods-KotobUITests.debug.xcconfig */,
				D28E52B594A6608F391CB2EF /* Pods-KotobUITests.release.xcconfig */,
			);
			name = Pods;
			sourceTree = "<group>";
		};
		2F8F8F687CA373987008FCDB /* Frameworks */ = {
			isa = PBXGroup;
			children = (
				FC2E808825622CE656C8CC82 /* Pods_Kotob.framework */,
				C4022CBFE967A41CE20D27B1 /* Pods_KotobTests.framework */,
				D0BC2A5F90FC9D6DBC8F621B /* Pods_KotobUITests.framework */,
			);
			name = Frameworks;
			sourceTree = "<group>";
		};
/* End PBXGroup section */

/* Begin PBXNativeTarget section */
		13F45CBD2151568100DF15B7 /* Kotob */ = {
			isa = PBXNativeTarget;
			buildConfigurationList = 13F45CE62151568500DF15B7 /* Build configuration list for PBXNativeTarget "Kotob" */;
			buildPhases = (
				C3B6F4306FEE77A7E39AD81C /* [CP] Check Pods Manifest.lock */,
				13F45CBA2151568100DF15B7 /* Sources */,
				13F45CBB2151568100DF15B7 /* Frameworks */,
				13F45CBC2151568100DF15B7 /* Resources */,
				0F9122DF1966615B55D511DB /* [CP] Embed Pods Frameworks */,
			);
			buildRules = (
			);
			dependencies = (
			);
			name = Kotob;
			productName = Kotob;
			productReference = 13F45CBE2151568100DF15B7 /* Kotob.app */;
			productType = "com.apple.product-type.application";
		};
		13F45CD12151568500DF15B7 /* KotobTests */ = {
			isa = PBXNativeTarget;
			buildConfigurationList = 13F45CE92151568500DF15B7 /* Build configuration list for PBXNativeTarget "KotobTests" */;
			buildPhases = (
				0E189B9210F66CBD979E966E /* [CP] Check Pods Manifest.lock */,
				13F45CCE2151568500DF15B7 /* Sources */,
				13F45CCF2151568500DF15B7 /* Frameworks */,
				13F45CD02151568500DF15B7 /* Resources */,
			);
			buildRules = (
			);
			dependencies = (
				13F45CD42151568500DF15B7 /* PBXTargetDependency */,
			);
			name = KotobTests;
			productName = KotobTests;
			productReference = 13F45CD22151568500DF15B7 /* KotobTests.xctest */;
			productType = "com.apple.product-type.bundle.unit-test";
		};
		13F45CDC2151568500DF15B7 /* KotobUITests */ = {
			isa = PBXNativeTarget;
			buildConfigurationList = 13F45CEC2151568500DF15B7 /* Build configuration list for PBXNativeTarget "KotobUITests" */;
			buildPhases = (
				FE7181D6F9F31102221D64BE /* [CP] Check Pods Manifest.lock */,
				13F45CD92151568500DF15B7 /* Sources */,
				13F45CDA2151568500DF15B7 /* Frameworks */,
				13F45CDB2151568500DF15B7 /* Resources */,
			);
			buildRules = (
			);
			dependencies = (
				13F45CDF2151568500DF15B7 /* PBXTargetDependency */,
			);
			name = KotobUITests;
			productName = KotobUITests;
			productReference = 13F45CDD2151568500DF15B7 /* KotobUITests.xctest */;
			productType = "com.apple.product-type.bundle.ui-testing";
		};
/* End PBXNativeTarget section */

/* Begin PBXProject section */
		13F45CB62151568100DF15B7 /* Project object */ = {
			isa = PBXProject;
			attributes = {
				LastSwiftUpdateCheck = 0940;
				LastUpgradeCheck = 0940;
				ORGANIZATIONNAME = Mokhtar;
				TargetAttributes = {
					13F45CBD2151568100DF15B7 = {
						CreatedOnToolsVersion = 9.4.1;
						LastSwiftMigration = 1000;
					};
					13F45CD12151568500DF15B7 = {
						CreatedOnToolsVersion = 9.4.1;
						LastSwiftMigration = 1000;
						TestTargetID = 13F45CBD2151568100DF15B7;
					};
					13F45CDC2151568500DF15B7 = {
						CreatedOnToolsVersion = 9.4.1;
						LastSwiftMigration = 1000;
						TestTargetID = 13F45CBD2151568100DF15B7;
					};
				};
			};
			buildConfigurationList = 13F45CB92151568100DF15B7 /* Build configuration list for PBXProject "Kotob" */;
			compatibilityVersion = "Xcode 9.3";
			developmentRegion = en;
			hasScannedForEncodings = 0;
			knownRegions = (
				en,
				Base,
			);
			mainGroup = 13F45CB52151568100DF15B7;
			productRefGroup = 13F45CBF2151568100DF15B7 /* Products */;
			projectDirPath = "";
			projectRoot = "";
			targets = (
				13F45CBD2151568100DF15B7 /* Kotob */,
				13F45CD12151568500DF15B7 /* KotobTests */,
				13F45CDC2151568500DF15B7 /* KotobUITests */,
			);
		};
/* End PBXProject section */

/* Begin PBXResourcesBuildPhase section */
		13F45CBC2151568100DF15B7 /* Resources */ = {
			isa = PBXResourcesBuildPhase;
			buildActionMask = 2147483647;
			files = (
				13967BBB2156D27B00ED6E95 /* BookCell.xib in Resources */,
				13F3123A2155F96900EA22F7 /* CategoryTableViewCell.xib in Resources */,
				13F239F92152BC80006761C1 /* DroidNaskh-Regular.ttf in Resources */,
				13F8ECCA2154ED63001EC0DD /* MostRecentCell.xib in Resources */,
				13F239F82152BC80006761C1 /* DroidNaskh-Bold.ttf in Resources */,
				13F45CCC2151568500DF15B7 /* LaunchScreen.storyboard in Resources */,
				13F45CC92151568500DF15B7 /* Assets.xcassets in Resources */,
			);
			runOnlyForDeploymentPostprocessing = 0;
		};
		13F45CD02151568500DF15B7 /* Resources */ = {
			isa = PBXResourcesBuildPhase;
			buildActionMask = 2147483647;
			files = (
			);
			runOnlyForDeploymentPostprocessing = 0;
		};
		13F45CDB2151568500DF15B7 /* Resources */ = {
			isa = PBXResourcesBuildPhase;
			buildActionMask = 2147483647;
			files = (
			);
			runOnlyForDeploymentPostprocessing = 0;
		};
/* End PBXResourcesBuildPhase section */

/* Begin PBXShellScriptBuildPhase section */
		0E189B9210F66CBD979E966E /* [CP] Check Pods Manifest.lock */ = {
			isa = PBXShellScriptBuildPhase;
			buildActionMask = 2147483647;
			files = (
			);
			inputPaths = (
				"${PODS_PODFILE_DIR_PATH}/Podfile.lock",
				"${PODS_ROOT}/Manifest.lock",
			);
			name = "[CP] Check Pods Manifest.lock";
			outputPaths = (
				"$(DERIVED_FILE_DIR)/Pods-KotobTests-checkManifestLockResult.txt",
			);
			runOnlyForDeploymentPostprocessing = 0;
			shellPath = /bin/sh;
			shellScript = "diff \"${PODS_PODFILE_DIR_PATH}/Podfile.lock\" \"${PODS_ROOT}/Manifest.lock\" > /dev/null\nif [ $? != 0 ] ; then\n    # print error to STDERR\n    echo \"error: The sandbox is not in sync with the Podfile.lock. Run 'pod install' or update your CocoaPods installation.\" >&2\n    exit 1\nfi\n# This output is used by Xcode 'outputs' to avoid re-running this script phase.\necho \"SUCCESS\" > \"${SCRIPT_OUTPUT_FILE_0}\"\n";
			showEnvVarsInLog = 0;
		};
		0F9122DF1966615B55D511DB /* [CP] Embed Pods Frameworks */ = {
			isa = PBXShellScriptBuildPhase;
			buildActionMask = 2147483647;
			files = (
			);
			inputPaths = (
				"${SRCROOT}/Pods/Target Support Files/Pods-Kotob/Pods-Kotob-frameworks.sh",
				"${BUILT_PRODUCTS_DIR}/ASJColoredScrollIndicators/ASJColoredScrollIndicators.framework",
				"${BUILT_PRODUCTS_DIR}/SDWebImage/SDWebImage.framework",
			);
			name = "[CP] Embed Pods Frameworks";
			outputPaths = (
				"${TARGET_BUILD_DIR}/${FRAMEWORKS_FOLDER_PATH}/ASJColoredScrollIndicators.framework",
				"${TARGET_BUILD_DIR}/${FRAMEWORKS_FOLDER_PATH}/SDWebImage.framework",
			);
			runOnlyForDeploymentPostprocessing = 0;
			shellPath = /bin/sh;
			shellScript = "\"${SRCROOT}/Pods/Target Support Files/Pods-Kotob/Pods-Kotob-frameworks.sh\"\n";
			showEnvVarsInLog = 0;
		};
		C3B6F4306FEE77A7E39AD81C /* [CP] Check Pods Manifest.lock */ = {
			isa = PBXShellScriptBuildPhase;
			buildActionMask = 2147483647;
			files = (
			);
			inputPaths = (
				"${PODS_PODFILE_DIR_PATH}/Podfile.lock",
				"${PODS_ROOT}/Manifest.lock",
			);
			name = "[CP] Check Pods Manifest.lock";
			outputPaths = (
				"$(DERIVED_FILE_DIR)/Pods-Kotob-checkManifestLockResult.txt",
			);
			runOnlyForDeploymentPostprocessing = 0;
			shellPath = /bin/sh;
			shellScript = "diff \"${PODS_PODFILE_DIR_PATH}/Podfile.lock\" \"${PODS_ROOT}/Manifest.lock\" > /dev/null\nif [ $? != 0 ] ; then\n    # print error to STDERR\n    echo \"error: The sandbox is not in sync with the Podfile.lock. Run 'pod install' or update your CocoaPods installation.\" >&2\n    exit 1\nfi\n# This output is used by Xcode 'outputs' to avoid re-running this script phase.\necho \"SUCCESS\" > \"${SCRIPT_OUTPUT_FILE_0}\"\n";
			showEnvVarsInLog = 0;
		};
		FE7181D6F9F31102221D64BE /* [CP] Check Pods Manifest.lock */ = {
			isa = PBXShellScriptBuildPhase;
			buildActionMask = 2147483647;
			files = (
			);
			inputPaths = (
				"${PODS_PODFILE_DIR_PATH}/Podfile.lock",
				"${PODS_ROOT}/Manifest.lock",
			);
			name = "[CP] Check Pods Manifest.lock";
			outputPaths = (
				"$(DERIVED_FILE_DIR)/Pods-KotobUITests-checkManifestLockResult.txt",
			);
			runOnlyForDeploymentPostprocessing = 0;
			shellPath = /bin/sh;
			shellScript = "diff \"${PODS_PODFILE_DIR_PATH}/Podfile.lock\" \"${PODS_ROOT}/Manifest.lock\" > /dev/null\nif [ $? != 0 ] ; then\n    # print error to STDERR\n    echo \"error: The sandbox is not in sync with the Podfile.lock. Run 'pod install' or update your CocoaPods installation.\" >&2\n    exit 1\nfi\n# This output is used by Xcode 'outputs' to avoid re-running this script phase.\necho \"SUCCESS\" > \"${SCRIPT_OUTPUT_FILE_0}\"\n";
			showEnvVarsInLog = 0;
		};
/* End PBXShellScriptBuildPhase section */

/* Begin PBXSourcesBuildPhase section */
		13F45CBA2151568100DF15B7 /* Sources */ = {
			isa = PBXSourcesBuildPhase;
			buildActionMask = 2147483647;
			files = (
				13EE5824215188D90065594C /* Kotob Button.swift in Sources */,
				130226602154334400820CC0 /* ForgetResponse.swift in Sources */,
				13F8ECC52154E295001EC0DD /* MainTabBarController.swift in Sources */,
				1302265E21540AA600820CC0 /* registerationResponse.swift in Sources */,
				13F45CC22151568100DF15B7 /* AppDelegate.swift in Sources */,
				13F312382155F76D00EA22F7 /* CategoryTableViewCell.swift in Sources */,
				13967BBD2156D39700ED6E95 /* BookCell.swift in Sources */,
				13F45CF22151593A00DF15B7 /* Extensions.swift in Sources */,
				13F45CF02151575700DF15B7 /* LoginController.swift in Sources */,
				133CBA9921534C560072626C /* ForgotPasswordControllerr.swift in Sources */,
				13DF22D721554642007E0844 /* HomeController.swift in Sources */,
				1333904621524BD10040F4AB /* RegiesterationController.swift in Sources */,
				13EE50132151B24D00FEB80C /* LoginResponse.swift in Sources */,
				13F8ECCC2154F002001EC0DD /* MostRecentCell.swift in Sources */,
				13967BB52156650700ED6E95 /* ASJColoredScrollIndicators.m in Sources */,
				13F2F28021561AD50029FBD3 /* TableViewHeader.swift in Sources */,
				13967BB921568E8E00ED6E95 /* LoginView.swift in Sources */,
				1339942121597ABA005EFF6C /* MoreOfACategoryController.swift in Sources */,
				13F7BE762152F1DB00A09BB4 /* HindawiAPI.swift in Sources */,
				13F4B2352157430E001018B5 /* BooksCategory.swift in Sources */,
			);
			runOnlyForDeploymentPostprocessing = 0;
		};
		13F45CCE2151568500DF15B7 /* Sources */ = {
			isa = PBXSourcesBuildPhase;
			buildActionMask = 2147483647;
			files = (
			);
			runOnlyForDeploymentPostprocessing = 0;
		};
		13F45CD92151568500DF15B7 /* Sources */ = {
			isa = PBXSourcesBuildPhase;
			buildActionMask = 2147483647;
			files = (
			);
			runOnlyForDeploymentPostprocessing = 0;
		};
/* End PBXSourcesBuildPhase section */

/* Begin PBXTargetDependency section */
		13F45CD42151568500DF15B7 /* PBXTargetDependency */ = {
			isa = PBXTargetDependency;
			target = 13F45CBD2151568100DF15B7 /* Kotob */;
			targetProxy = 13F45CD32151568500DF15B7 /* PBXContainerItemProxy */;
		};
		13F45CDF2151568500DF15B7 /* PBXTargetDependency */ = {
			isa = PBXTargetDependency;
			target = 13F45CBD2151568100DF15B7 /* Kotob */;
			targetProxy = 13F45CDE2151568500DF15B7 /* PBXContainerItemProxy */;
		};
/* End PBXTargetDependency section */

/* Begin PBXVariantGroup section */
		13F45CCA2151568500DF15B7 /* LaunchScreen.storyboard */ = {
			isa = PBXVariantGroup;
			children = (
				13F45CCB2151568500DF15B7 /* Base */,
			);
			name = LaunchScreen.storyboard;
			sourceTree = "<group>";
		};
/* End PBXVariantGroup section */

/* Begin XCBuildConfiguration section */
		13F45CE42151568500DF15B7 /* Debug */ = {
			isa = XCBuildConfiguration;
			buildSettings = {
				ALWAYS_SEARCH_USER_PATHS = NO;
				CLANG_ANALYZER_NONNULL = YES;
				CLANG_ANALYZER_NUMBER_OBJECT_CONVERSION = YES_AGGRESSIVE;
				CLANG_CXX_LANGUAGE_STANDARD = "gnu++14";
				CLANG_CXX_LIBRARY = "libc++";
				CLANG_ENABLE_MODULES = YES;
				CLANG_ENABLE_OBJC_ARC = YES;
				CLANG_ENABLE_OBJC_WEAK = YES;
				CLANG_WARN_BLOCK_CAPTURE_AUTORELEASING = YES;
				CLANG_WARN_BOOL_CONVERSION = YES;
				CLANG_WARN_COMMA = YES;
				CLANG_WARN_CONSTANT_CONVERSION = YES;
				CLANG_WARN_DEPRECATED_OBJC_IMPLEMENTATIONS = YES;
				CLANG_WARN_DIRECT_OBJC_ISA_USAGE = YES_ERROR;
				CLANG_WARN_DOCUMENTATION_COMMENTS = YES;
				CLANG_WARN_EMPTY_BODY = YES;
				CLANG_WARN_ENUM_CONVERSION = YES;
				CLANG_WARN_INFINITE_RECURSION = YES;
				CLANG_WARN_INT_CONVERSION = YES;
				CLANG_WARN_NON_LITERAL_NULL_CONVERSION = YES;
				CLANG_WARN_OBJC_IMPLICIT_RETAIN_SELF = YES;
				CLANG_WARN_OBJC_LITERAL_CONVERSION = YES;
				CLANG_WARN_OBJC_ROOT_CLASS = YES_ERROR;
				CLANG_WARN_RANGE_LOOP_ANALYSIS = YES;
				CLANG_WARN_STRICT_PROTOTYPES = YES;
				CLANG_WARN_SUSPICIOUS_MOVE = YES;
				CLANG_WARN_UNGUARDED_AVAILABILITY = YES_AGGRESSIVE;
				CLANG_WARN_UNREACHABLE_CODE = YES;
				CLANG_WARN__DUPLICATE_METHOD_MATCH = YES;
				CODE_SIGN_IDENTITY = "iPhone Developer";
				COPY_PHASE_STRIP = NO;
				DEBUG_INFORMATION_FORMAT = dwarf;
				ENABLE_STRICT_OBJC_MSGSEND = YES;
				ENABLE_TESTABILITY = YES;
				GCC_C_LANGUAGE_STANDARD = gnu11;
				GCC_DYNAMIC_NO_PIC = NO;
				GCC_NO_COMMON_BLOCKS = YES;
				GCC_OPTIMIZATION_LEVEL = 0;
				GCC_PREPROCESSOR_DEFINITIONS = (
					"DEBUG=1",
					"$(inherited)",
				);
				GCC_WARN_64_TO_32_BIT_CONVERSION = YES;
				GCC_WARN_ABOUT_RETURN_TYPE = YES_ERROR;
				GCC_WARN_UNDECLARED_SELECTOR = YES;
				GCC_WARN_UNINITIALIZED_AUTOS = YES_AGGRESSIVE;
				GCC_WARN_UNUSED_FUNCTION = YES;
				GCC_WARN_UNUSED_VARIABLE = YES;
				IPHONEOS_DEPLOYMENT_TARGET = 11.4;
				MTL_ENABLE_DEBUG_INFO = YES;
				ONLY_ACTIVE_ARCH = YES;
				SDKROOT = iphoneos;
				SWIFT_ACTIVE_COMPILATION_CONDITIONS = DEBUG;
				SWIFT_OPTIMIZATION_LEVEL = "-Onone";
			};
			name = Debug;
		};
		13F45CE52151568500DF15B7 /* Release */ = {
			isa = XCBuildConfiguration;
			buildSettings = {
				ALWAYS_SEARCH_USER_PATHS = NO;
				CLANG_ANALYZER_NONNULL = YES;
				CLANG_ANALYZER_NUMBER_OBJECT_CONVERSION = YES_AGGRESSIVE;
				CLANG_CXX_LANGUAGE_STANDARD = "gnu++14";
				CLANG_CXX_LIBRARY = "libc++";
				CLANG_ENABLE_MODULES = YES;
				CLANG_ENABLE_OBJC_ARC = YES;
				CLANG_ENABLE_OBJC_WEAK = YES;
				CLANG_WARN_BLOCK_CAPTURE_AUTORELEASING = YES;
				CLANG_WARN_BOOL_CONVERSION = YES;
				CLANG_WARN_COMMA = YES;
				CLANG_WARN_CONSTANT_CONVERSION = YES;
				CLANG_WARN_DEPRECATED_OBJC_IMPLEMENTATIONS = YES;
				CLANG_WARN_DIRECT_OBJC_ISA_USAGE = YES_ERROR;
				CLANG_WARN_DOCUMENTATION_COMMENTS = YES;
				CLANG_WARN_EMPTY_BODY = YES;
				CLANG_WARN_ENUM_CONVERSION = YES;
				CLANG_WARN_INFINITE_RECURSION = YES;
				CLANG_WARN_INT_CONVERSION = YES;
				CLANG_WARN_NON_LITERAL_NULL_CONVERSION = YES;
				CLANG_WARN_OBJC_IMPLICIT_RETAIN_SELF = YES;
				CLANG_WARN_OBJC_LITERAL_CONVERSION = YES;
				CLANG_WARN_OBJC_ROOT_CLASS = YES_ERROR;
				CLANG_WARN_RANGE_LOOP_ANALYSIS = YES;
				CLANG_WARN_STRICT_PROTOTYPES = YES;
				CLANG_WARN_SUSPICIOUS_MOVE = YES;
				CLANG_WARN_UNGUARDED_AVAILABILITY = YES_AGGRESSIVE;
				CLANG_WARN_UNREACHABLE_CODE = YES;
				CLANG_WARN__DUPLICATE_METHOD_MATCH = YES;
				CODE_SIGN_IDENTITY = "iPhone Developer";
				COPY_PHASE_STRIP = NO;
				DEBUG_INFORMATION_FORMAT = "dwarf-with-dsym";
				ENABLE_NS_ASSERTIONS = NO;
				ENABLE_STRICT_OBJC_MSGSEND = YES;
				GCC_C_LANGUAGE_STANDARD = gnu11;
				GCC_NO_COMMON_BLOCKS = YES;
				GCC_WARN_64_TO_32_BIT_CONVERSION = YES;
				GCC_WARN_ABOUT_RETURN_TYPE = YES_ERROR;
				GCC_WARN_UNDECLARED_SELECTOR = YES;
				GCC_WARN_UNINITIALIZED_AUTOS = YES_AGGRESSIVE;
				GCC_WARN_UNUSED_FUNCTION = YES;
				GCC_WARN_UNUSED_VARIABLE = YES;
				IPHONEOS_DEPLOYMENT_TARGET = 11.4;
				MTL_ENABLE_DEBUG_INFO = NO;
				SDKROOT = iphoneos;
				SWIFT_COMPILATION_MODE = wholemodule;
				SWIFT_OPTIMIZATION_LEVEL = "-O";
				VALIDATE_PRODUCT = YES;
			};
			name = Release;
		};
		13F45CE72151568500DF15B7 /* Debug */ = {
			isa = XCBuildConfiguration;
			baseConfigurationReference = CF3539E1E95DAD052CF694FE /* Pods-Kotob.debug.xcconfig */;
			buildSettings = {
				ASSETCATALOG_COMPILER_APPICON_NAME = AppIcon;
				CLANG_ENABLE_MODULES = YES;
				CODE_SIGN_STYLE = Automatic;
				DEVELOPMENT_TEAM = 367PS26QNX;
				INFOPLIST_FILE = Kotob/Info.plist;
				LD_RUNPATH_SEARCH_PATHS = (
					"$(inherited)",
					"@executable_path/Frameworks",
				);
				PRODUCT_BUNDLE_IDENTIFIER = com.nagwa.Kotob;
				PRODUCT_NAME = "$(TARGET_NAME)";
				SWIFT_OBJC_BRIDGING_HEADER = "Kotob/Kotob-Bridging-Header.h";
				SWIFT_OPTIMIZATION_LEVEL = "-Onone";
				SWIFT_VERSION = 4.0;
				TARGETED_DEVICE_FAMILY = "1,2";
			};
			name = Debug;
		};
		13F45CE82151568500DF15B7 /* Release */ = {
			isa = XCBuildConfiguration;
			baseConfigurationReference = 2910FEC8DEBE4B1C834EFEE3 /* Pods-Kotob.release.xcconfig */;
			buildSettings = {
				ASSETCATALOG_COMPILER_APPICON_NAME = AppIcon;
				CLANG_ENABLE_MODULES = YES;
				CODE_SIGN_STYLE = Automatic;
				DEVELOPMENT_TEAM = 367PS26QNX;
				INFOPLIST_FILE = Kotob/Info.plist;
				LD_RUNPATH_SEARCH_PATHS = (
					"$(inherited)",
					"@executable_path/Frameworks",
				);
				PRODUCT_BUNDLE_IDENTIFIER = com.nagwa.Kotob;
				PRODUCT_NAME = "$(TARGET_NAME)";
				SWIFT_OBJC_BRIDGING_HEADER = "Kotob/Kotob-Bridging-Header.h";
				SWIFT_VERSION = 4.0;
				TARGETED_DEVICE_FAMILY = "1,2";
			};
			name = Release;
		};
		13F45CEA2151568500DF15B7 /* Debug */ = {
			isa = XCBuildConfiguration;
			baseConfigurationReference = 8CB4B3C027BD21383E2DA5DE /* Pods-KotobTests.debug.xcconfig */;
			buildSettings = {
				ALWAYS_EMBED_SWIFT_STANDARD_LIBRARIES = YES;
				BUNDLE_LOADER = "$(TEST_HOST)";
				CODE_SIGN_STYLE = Automatic;
				INFOPLIST_FILE = KotobTests/Info.plist;
				LD_RUNPATH_SEARCH_PATHS = (
					"$(inherited)",
					"@executable_path/Frameworks",
					"@loader_path/Frameworks",
				);
				PRODUCT_BUNDLE_IDENTIFIER = com.nagwa.KotobTests;
				PRODUCT_NAME = "$(TARGET_NAME)";
				SWIFT_VERSION = 4.0;
				TARGETED_DEVICE_FAMILY = "1,2";
				TEST_HOST = "$(BUILT_PRODUCTS_DIR)/Kotob.app/Kotob";
			};
			name = Debug;
		};
		13F45CEB2151568500DF15B7 /* Release */ = {
			isa = XCBuildConfiguration;
			baseConfigurationReference = 5AD21F1C272578AB18F30BD2 /* Pods-KotobTests.release.xcconfig */;
			buildSettings = {
				ALWAYS_EMBED_SWIFT_STANDARD_LIBRARIES = YES;
				BUNDLE_LOADER = "$(TEST_HOST)";
				CODE_SIGN_STYLE = Automatic;
				INFOPLIST_FILE = KotobTests/Info.plist;
				LD_RUNPATH_SEARCH_PATHS = (
					"$(inherited)",
					"@executable_path/Frameworks",
					"@loader_path/Frameworks",
				);
				PRODUCT_BUNDLE_IDENTIFIER = com.nagwa.KotobTests;
				PRODUCT_NAME = "$(TARGET_NAME)";
				SWIFT_VERSION = 4.0;
				TARGETED_DEVICE_FAMILY = "1,2";
				TEST_HOST = "$(BUILT_PRODUCTS_DIR)/Kotob.app/Kotob";
			};
			name = Release;
		};
		13F45CED2151568500DF15B7 /* Debug */ = {
			isa = XCBuildConfiguration;
			baseConfigurationReference = 3B3A135A027836D1A5CBE295 /* Pods-KotobUITests.debug.xcconfig */;
			buildSettings = {
				ALWAYS_EMBED_SWIFT_STANDARD_LIBRARIES = YES;
				CODE_SIGN_STYLE = Automatic;
				INFOPLIST_FILE = KotobUITests/Info.plist;
				LD_RUNPATH_SEARCH_PATHS = (
					"$(inherited)",
					"@executable_path/Frameworks",
					"@loader_path/Frameworks",
				);
				PRODUCT_BUNDLE_IDENTIFIER = com.nagwa.KotobUITests;
				PRODUCT_NAME = "$(TARGET_NAME)";
				SWIFT_VERSION = 4.0;
				TARGETED_DEVICE_FAMILY = "1,2";
				TEST_TARGET_NAME = Kotob;
			};
			name = Debug;
		};
		13F45CEE2151568500DF15B7 /* Release */ = {
			isa = XCBuildConfiguration;
			baseConfigurationReference = D28E52B594A6608F391CB2EF /* Pods-KotobUITests.release.xcconfig */;
			buildSettings = {
				ALWAYS_EMBED_SWIFT_STANDARD_LIBRARIES = YES;
				CODE_SIGN_STYLE = Automatic;
				INFOPLIST_FILE = KotobUITests/Info.plist;
				LD_RUNPATH_SEARCH_PATHS = (
					"$(inherited)",
					"@executable_path/Frameworks",
					"@loader_path/Frameworks",
				);
				PRODUCT_BUNDLE_IDENTIFIER = com.nagwa.KotobUITests;
				PRODUCT_NAME = "$(TARGET_NAME)";
				SWIFT_VERSION = 4.0;
				TARGETED_DEVICE_FAMILY = "1,2";
				TEST_TARGET_NAME = Kotob;
			};
			name = Release;
		};
/* End XCBuildConfiguration section */

/* Begin XCConfigurationList section */
		13F45CB92151568100DF15B7 /* Build configuration list for PBXProject "Kotob" */ = {
			isa = XCConfigurationList;
			buildConfigurations = (
				13F45CE42151568500DF15B7 /* Debug */,
				13F45CE52151568500DF15B7 /* Release */,
			);
			defaultConfigurationIsVisible = 0;
			defaultConfigurationName = Release;
		};
		13F45CE62151568500DF15B7 /* Build configuration list for PBXNativeTarget "Kotob" */ = {
			isa = XCConfigurationList;
			buildConfigurations = (
				13F45CE72151568500DF15B7 /* Debug */,
				13F45CE82151568500DF15B7 /* Release */,
			);
			defaultConfigurationIsVisible = 0;
			defaultConfigurationName = Release;
		};
		13F45CE92151568500DF15B7 /* Build configuration list for PBXNativeTarget "KotobTests" */ = {
			isa = XCConfigurationList;
			buildConfigurations = (
				13F45CEA2151568500DF15B7 /* Debug */,
				13F45CEB2151568500DF15B7 /* Release */,
			);
			defaultConfigurationIsVisible = 0;
			defaultConfigurationName = Release;
		};
		13F45CEC2151568500DF15B7 /* Build configuration list for PBXNativeTarget "KotobUITests" */ = {
			isa = XCConfigurationList;
			buildConfigurations = (
				13F45CED2151568500DF15B7 /* Debug */,
				13F45CEE2151568500DF15B7 /* Release */,
			);
			defaultConfigurationIsVisible = 0;
			defaultConfigurationName = Release;
		};
/* End XCConfigurationList section */
	};
	rootObject = 13F45CB62151568100DF15B7 /* Project object */;
}
